{
  "originHash" : "4042ebf47482ba714bb2b5fa419a6103f096929521aff61c9b364b4a17b2b35d",
  "pins" : [
    {
      "identity" : "colorslider",
      "kind" : "remoteSourceControl",
      "location" : "https://github.com/workingDog/ColorSlider",
      "state" : {
        "branch" : "main",
        "revision" : "c609d649da57d31efb76ff612ef1b5fcb960673a"
      }
    }
  ],
  "version" : 3
}
